uuid: 5eb6a3a1-2f5c-4d9d-ab5f-fa8ff69d4348
langcode: en
status: true
dependencies:
  module:
    - paragraphs
id: paragraph.field_text_block
field_name: field_text_block
entity_type: paragraph
type: string_long
settings:
  case_sensitive: false
module: core
locked: false
cardinality: 1
translatable: true
indexes: {  }
persist_with_no_fields: false
custom_storage: false
